{
  "name": "model-lod",
  "lockfileVersion": 3,
  "requires": true,
  "packages": {
    "": {
      "name": "model-lod",
      "license": "MIT",
      "dependencies": {
        "@gltf-transform/core": "4.5.0",
        "@gltf-transform/extensions": "4.5.0",
        "jpeg-js": "0.4.4",
        "meshoptimizer": "1.3.0"
      }
    },
    "node_modules/@gltf-transform/core": {
      "version": "4.5.0",
      "resolved": "https://registry.npmjs.org/@gltf-transform/core/-/core-4.5.0.tgz",
      "integrity": "sha512-JlvShvnB4AtfGZqjnESS/wfPJbpVnyHhTwJBbWN4qXqkB3C5HIoxxpu/orwGBge6Pc0zObeWj70lVf+4gbuu0A==",
      "license": "MIT",
      "dependencies": {
        "property-graph": "^4.1.0"
      },
      "funding": {
        "url": "https://github.com/sponsors/donmccurdy"
      }
    },
    "node_modules/@gltf-transform/extensions": {
      "version": "4.5.0",
      "resolved": "https://registry.npmjs.org/@gltf-transform/extensions/-/extensions-4.5.0.tgz",
      "integrity": "sha512-J4cKzrmEr75YkrtdI4cKosBg2vDC4rT56aq/QoijW7GT1Y9gSEMJbqyFO9xcFO3FNpZaZiDrHWUqE5Okrl5nOQ==",
      "license": "MIT",
      "dependencies": {
        "@gltf-transform/core": "^4.5.0",
        "ktx-parse": "^1.1.0"
      },
      "funding": {
        "url": "https://github.com/sponsors/donmccurdy"
      }
    },
    "node_modules/jpeg-js": {
      "version": "0.4.4",
      "resolved": "https://registry.npmjs.org/jpeg-js/-/jpeg-js-0.4.4.tgz",
      "integrity": "sha512-WZzeDOEtTOBK4Mdsar0IqEU5sMr3vSV2RqkAIzUEV2BHnUfKGyswWFPFwK5EeDo93K3FohSHbLAjj0s1Wzd+dg==",
      "license": "BSD-3-Clause"
    },
    "node_modules/ktx-parse": {
      "version": "1.1.0",
      "resolved": "https://registry.npmjs.org/ktx-parse/-/ktx-parse-1.1.0.tgz",
      "integrity": "sha512-mKp3y+FaYgR7mXWAbyyzpa/r1zDWeaunH+INJO4fou3hb45XuNSwar+7llrRyvpMWafxSIi99RNFJ05MHedaJQ==",
      "license": "MIT"
    },
    "node_modules/meshoptimizer": {
      "version": "1.3.0",
      "resolved": "https://registry.npmjs.org/meshoptimizer/-/meshoptimizer-1.3.0.tgz",
      "integrity": "sha512-2oZqMAcEEiCtXWUjIGtZ71oPx1B0ZxYGTqIKsXB1wzWFhleNsCFxQuUJzgCV706bRcwPWtMGf1odmQvAcqKkIw==",
      "license": "MIT"
    },
    "node_modules/property-graph": {
      "version": "4.1.0",
      "resolved": "https://registry.npmjs.org/property-graph/-/property-graph-4.1.0.tgz",
      "integrity": "sha512-AvPcP7XECNWy4LGmFQ77k7un4lSKM4eS29PTvW4ck95uYeLxXPWJM7hLuBqK91FaHqCcgJvIUCuNJjjxKE7VKQ==",
      "license": "MIT"
    }
  }
}
